// !$*UTF8*$!
{
	archiveVersion = 1;
	classes = {
	};
	objectVersion = 77;
	objects = {

/* Begin PBXBuildFile section */
		23F7D9BA2F596EFD00EA4C99 /* FirebaseAuth in Frameworks */ = {isa = PBXBuildFile; productRef = 23F7D9B92F596EFD00EA4C99 /* FirebaseAuth */; };
		23F7D9BC2F596EFD00EA4C99 /* FirebaseFirestore in Frameworks */ = {isa = PBXBuildFile; productRef = 23F7D9BB2F596EFD00EA4C99 /* FirebaseFirestore */; };
		23F7D9C22F5A37CB00EA4C99 /* README.md in Resources */ = {isa = PBXBuildFile; fileRef = 23F7D9C12F5A37CB00EA4C99 /* README.md */; };
/* End PBXBuildFile section */

/* Begin PBXContainerItemProxy section */
		23F7D9992F596B3F00EA4C99 /* PBXContainerItemProxy */ = {
			isa = PBXContainerItemProxy;
			containerPortal = 23F7D97A2F596B3D00EA4C99 /* Project object */;
			proxyType = 1;
			remoteGlobalIDString = 23F7D9812F596B3D00EA4C99;
			remoteInfo = splitsmart;
		};
		23F7D9A32F596B3F00EA4C99 /* PBXContainerItemProxy */ = {
			isa = PBXContainerItemProxy;
			containerPortal = 23F7D97A2F596B3D00EA4C99 /* Project object */;
			proxyType = 1;
			remoteGlobalIDString = 23F7D9812F596B3D00EA4C99;
			remoteInfo = splitsmart;
		};
/* End PBXContainerItemProxy section */

/* Begin PBXFileReference section */
		23F7D9822F596B3D00EA4C99 /* splitsmart.app */ = {isa = PBXFileReference; explicitFileType = wrapper.application; includeInIndex = 0; path = splitsmart.app; sourceTree = BUILT_PRODUCTS_DIR; };
		23F7D9982F596B3F00EA4C99 /* splitsmartTests.xctest */ = {isa = PBXFileReference; explicitFileType = wrapper.cfbundle; includeInIndex = 0; path = splitsmartTests.xctest; sourceTree = BUILT_PRODUCTS_DIR; };
		23F7D9A22F596B3F00EA4C99 /* splitsmartUITests.xctest */ = {isa = PBXFileReference; explicitFileType = wrapper.cfbundle; includeInIndex = 0; path = splitsmartUITests.xctest; sourceTree = BUILT_PRODUCTS_DIR; };
		23F7D9C12F5A37CB00EA4C99 /* README.md */ = {isa = PBXFileReference; lastKnownFileType = net.daringfireball.markdown; path = README.md; sourceTree = "<group>"; };
/* End PBXFileReference section */

/* Begin PBXFileSystemSynchronizedBuildFileExceptionSet section */
		23F7D9AA2F596B3F00EA4C99 /* Exceptions for "splitsmart" folder in "splitsmart" target */ = {
			isa = PBXFileSystemSynchronizedBuildFileExceptionSet;
			membershipExceptions = (
				Info.plist,
			);
			target = 23F7D9812F596B3D00EA4C99 /* splitsmart */;
		};
/* End PBXFileSystemSynchronizedBuildFileExceptionSet section */

/* Begin PBXFileSystemSynchronizedRootGroup section */
		23F7D9842F596B3D00EA4C99 /* splitsmart */ = {
			isa = PBXFileSystemSynchronizedRootGroup;
			exceptions = (
				23F7D9AA2F596B3F00EA4C99 /* Exceptions for "splitsmart" folder in "splitsmart" target */,
			);
			path = splitsmart;
			sourceTree = "<group>";
		};
		23F7D99B2F596B3F00EA4C99 /* splitsmartTests */ = {
			isa = PBXFileSystemSynchronizedRootGroup;
			path = splitsmartTests;
			sourceTree = "<group>";
		};
		23F7D9A52F596B3F00EA4C99 /* splitsmartUITests */ = {
			isa = PBXFileSystemSynchronizedRootGroup;
			path = splitsmartUITests;
			sourceTree = "<group>";
		};
/* End PBXFileSystemSynchronizedRootGroup section */

/* Begin PBXFrameworksBuildPhase section */
		23F7D97F2F596B3D00EA4C99 /* Frameworks */ = {
			isa = PBXFrameworksBuildPhase;
			buildActionMask = 2147483647;
			files = (
				23F7D9BA2F596EFD00EA4C99 /* FirebaseAuth in Frameworks */,
				23F7D9BC2F596EFD00EA4C99 /* FirebaseFirestore in Frameworks */,
			);
			runOnlyForDeploymentPostprocessing = 0;
		};
		23F7D9952F596B3F00EA4C99 /* Frameworks */ = {
			isa = PBXFrameworksBuildPhase;
			buildActionMask = 2147483647;
			files = (
			);
			runOnlyForDeploymentPostprocessing = 0;
		};
		23F7D99F2F596B3F00EA4C99 /* Frameworks */ = {
			isa = PBXFrameworksBuildPhase;
			buildActionMask = 2147483647;
			files = (
			);
			runOnlyForDeploymentPostprocessing = 0;
		};
/* End PBXFrameworksBuildPhase section */

/* Begin PBXGroup section */
		23F7D9792F596B3D00EA4C99 = {
			isa = PBXGroup;
			children = (
				23F7D9C12F5A37CB00EA4C99 /* README.md */,
				23F7D9842F596B3D00EA4C99 /* splitsmart */,
				23F7D99B2F596B3F00EA4C99 /* splitsmartTests */,
				23F7D9A52F596B3F00EA4C99 /* splitsmartUITests */,
				23F7D9832F596B3D00EA4C99 /* Products */,
			);
			sourceTree = "<group>";
		};
		23F7D9832F596B3D00EA4C99 /* Products */ = {
			isa = PBXGroup;
			children = (
				23F7D9822F596B3D00EA4C99 /* splitsmart.app */,
				23F7D9982F596B3F00EA4C99 /* splitsmartTests.xctest */,
				23F7D9A22F596B3F00EA4C99 /* splitsmartUITests.xctest */,
			);
			name = Products;
			sourceTree = "<group>";
		};
/* End PBXGroup section */

/* Begin PBXNativeTarget section */
		23F7D9812F596B3D00EA4C99 /* splitsmart */ = {
			isa = PBXNativeTarget;
			buildConfigurationList = 23F7D9AB2F596B3F00EA4C99 /* Build configuration list for PBXNativeTarget "splitsmart" */;
			buildPhases = (
				23F7D97E2F596B3D00EA4C99 /* Sources */,
				23F7D97F2F596B3D00EA4C99 /* Frameworks */,
				23F7D9802F596B3D00EA4C99 /* Resources */,
			);
			buildRules = (
			);
			dependencies = (
			);
			fileSystemSynchronizedGroups = (
				23F7D9842F596B3D00EA4C99 /* splitsmart */,
			);
			name = splitsmart;
			packageProductDependencies = (
				23F7D9B92F596EFD00EA4C99 /* FirebaseAuth */,
				23F7D9BB2F596EFD00EA4C99 /* FirebaseFirestore */,
			);
			productName = splitsmart;
			productReference = 23F7D9822F596B3D00EA4C99 /* splitsmart.app */;
			productType = "com.apple.product-type.application";
		};
		23F7D9972F596B3F00EA4C99 /* splitsmartTests */ = {
			isa = PBXNativeTarget;
			buildConfigurationList = 23F7D9B02F596B3F00EA4C99 /* Build configuration list for PBXNativeTarget "splitsmartTests" */;
			buildPhases = (
				23F7D9942F596B3F00EA4C99 /* Sources */,
				23F7D9952F596B3F00EA4C99 /* Frameworks */,
				23F7D9962F596B3F00EA4C99 /* Resources */,
			);
			buildRules = (
			);
			dependencies = (
				23F7D99A2F596B3F00EA4C99 /* PBXTargetDependency */,
			);
			fileSystemSynchronizedGroups = (
				23F7D99B2F596B3F00EA4C99 /* splitsmartTests */,
			);
			name = splitsmartTests;
			packageProductDependencies = (
			);
			productName = splitsmartTests;
			productReference = 23F7D9982F596B3F00EA4C99 /* splitsmartTests.xctest */;
			productType = "com.apple.product-type.bundle.unit-test";
		};
		23F7D9A12F596B3F00EA4C99 /* splitsmartUITests */ = {
			isa = PBXNativeTarget;
			buildConfigurationList = 23F7D9B32F596B3F00EA4C99 /* Build configuration list for PBXNativeTarget "splitsmartUITests" */;
			buildPhases = (
				23F7D99E2F596B3F00EA4C99 /* Sources */,
				23F7D99F2F596B3F00EA4C99 /* Frameworks */,
				23F7D9A02F596B3F00EA4C99 /* Resources */,
			);
			buildRules = (
			);
			dependencies = (
				23F7D9A42F596B3F00EA4C99 /* PBXTargetDependency */,
			);
			fileSystemSynchronizedGroups = (
				23F7D9A52F596B3F00EA4C99 /* splitsmartUITests */,
			);
			name = splitsmartUITests;
			packageProductDependencies = (
			);
			productName = splitsmartUITests;
			productReference = 23F7D9A22F596B3F00EA4C99 /* splitsmartUITests.xctest */;
			productType = "com.apple.product-type.bundle.ui-testing";
		};
/* End PBXNativeTarget section */

/* Begin PBXProject section */
		23F7D97A2F596B3D00EA4C99 /* Project object */ = {
			isa = PBXProject;
			attributes = {
				BuildIndependentTargetsInParallel = 1;
				LastSwiftUpdateCheck = 1630;
				LastUpgradeCheck = 1630;
				TargetAttributes = {
					23F7D9812F596B3D00EA4C99 = {
						CreatedOnToolsVersion = 16.3;
					};
					23F7D9972F596B3F00EA4C99 = {
						CreatedOnToolsVersion = 16.3;
						TestTargetID = 23F7D9812F596B3D00EA4C99;
					};
					23F7D9A12F596B3F00EA4C99 = {
						CreatedOnToolsVersion = 16.3;
						TestTargetID = 23F7D9812F596B3D00EA4C99;
					};
				};
			};
			buildConfigurationList = 23F7D97D2F596B3D00EA4C99 /* Build configuration list for PBXProject "splitsmart" */;
			developmentRegion = en;
			hasScannedForEncodings = 0;
			knownRegions = (
				en,
				Base,
			);
			mainGroup = 23F7D9792F596B3D00EA4C99;
			minimizedProjectReferenceProxies = 1;
			packageReferences = (
				23F7D9B82F596E7200EA4C99 /* XCRemoteSwiftPackageReference "firebase-ios-sdk" */,
			);
			preferredProjectObjectVersion = 77;
			productRefGroup = 23F7D9832F596B3D00EA4C99 /* Products */;
			projectDirPath = "";
			projectRoot = "";
			targets = (
				23F7D9812F596B3D00EA4C99 /* splitsmart */,
				23F7D9972F596B3F00EA4C99 /* splitsmartTests */,
				23F7D9A12F596B3F00EA4C99 /* splitsmartUITests */,
			);
		};
/* End PBXProject section */

/* Begin PBXResourcesBuildPhase section */
		23F7D9802F596B3D00EA4C99 /* Resources */ = {
			isa = PBXResourcesBuildPhase;
			buildActionMask = 2147483647;
			files = (
				23F7D9C22F5A37CB00EA4C99 /* README.md in Resources */,
			);
			runOnlyForDeploymentPostprocessing = 0;
		};
		23F7D9962F596B3F00EA4C99 /* Resources */ = {
			isa = PBXResourcesBuildPhase;
			buildActionMask = 2147483647;
			files = (
			);
			runOnlyForDeploymentPostprocessing = 0;
		};
		23F7D9A02F596B3F00EA4C99 /* Resources */ = {
			isa = PBXResourcesBuildPhase;
			buildActionMask = 2147483647;
			files = (
			);
			runOnlyForDeploymentPostprocessing = 0;
		};
/* End PBXResourcesBuildPhase section */

/* Begin PBXSourcesBuildPhase section */
		23F7D97E2F596B3D00EA4C99 /* Sources */ = {
			isa = PBXSourcesBuildPhase;
			buildActionMask = 2147483647;
			files = (
			);
			runOnlyForDeploymentPostprocessing = 0;
		};
		23F7D9942F596B3F00EA4C99 /* Sources */ = {
			isa = PBXSourcesBuildPhase;
			buildActionMask = 2147483647;
			files = (
			);
			runOnlyForDeploymentPostprocessing = 0;
		};
		23F7D99E2F596B3F00EA4C99 /* Sources */ = {
			isa = PBXSourcesBuildPhase;
			buildActionMask = 2147483647;
			files = (
			);
			runOnlyForDeploymentPostprocessing = 0;
		};
/* End PBXSourcesBuildPhase section */

/* Begin PBXTargetDependency section */
		23F7D99A2F596B3F00EA4C99 /* PBXTargetDependency */ = {
			isa = PBXTargetDependency;
			target = 23F7D9812F596B3D00EA4C99 /* splitsmart */;
			targetProxy = 23F7D9992F596B3F00EA4C99 /* PBXContainerItemProxy */;
		};
		23F7D9A42F596B3F00EA4C99 /* PBXTargetDependency */ = {
			isa = PBXTargetDependency;
			target = 23F7D9812F596B3D00EA4C99 /* splitsmart */;
			targetProxy = 23F7D9A32F596B3F00EA4C99 /* PBXContainerItemProxy */;
		};
/* End PBXTargetDependency section */

/* Begin XCBuildConfiguration section */
		23F7D9AC2F596B3F00EA4C99 /* Debug */ = {
			isa = XCBuildConfiguration;
			buildSettings = {
				ASSETCATALOG_COMPILER_APPICON_NAME = AppIcon;
				ASSETCATALOG_COMPILER_GLOBAL_ACCENT_COLOR_NAME = AccentColor;
				CODE_SIGN_STYLE = Automatic;
				CURRENT_PROJECT_VERSION = 1;
				DEVELOPMENT_TEAM = BY95F8878M;
				GENERATE_INFOPLIST_FILE = YES;
				INFOPLIST_FILE = splitsmart/Info.plist;
				INFOPLIST_KEY_CFBundleDisplayName = SplitSmart;
				INFOPLIST_KEY_UIApplicationSupportsIndirectInputEvents = YES;
				INFOPLIST_KEY_UILaunchStoryboardName = LaunchScreen;
				INFOPLIST_KEY_UIMainStoryboardFile = Main;
				INFOPLIST_KEY_UISupportedInterfaceOrientations_iPad = "UIInterfaceOrientationPortrait UIInterfaceOrientationPortraitUpsideDown UIInterfaceOrientationLandscapeLeft UIInterfaceOrientationLandscapeRight";
				INFOPLIST_KEY_UISupportedInterfaceOrientations_iPhone = "UIInterfaceOrientationPortrait UIInterfaceOrientationLandscapeLeft UIInterfaceOrientationLandscapeRight";
				IPHONEOS_DEPLOYMENT_TARGET = 17.6;
				LD_RUNPATH_SEARCH_PATHS = (
					"$(inherited)",
					"@executable_path/Frameworks",
				);
				MARKETING_VERSION = 1.0;
				PRODUCT_BUNDLE_IDENTIFIER = edu.uw.ischool.christina.splitsmart;
				PRODUCT_NAME = "$(TARGET_NAME)";
				SWIFT_EMIT_LOC_STRINGS = YES;
				SWIFT_VERSION = 5.0;
				TARGETED_DEVICE_FAMILY = "1,2";
			};
			name = Debug;
		};
		23F7D9AD2F596B3F00EA4C99 /* Release */ = {
			isa = XCBuildConfiguration;
			buildSettings = {
				ASSETCATALOG_COMPILER_APPICON_NAME = AppIcon;
				ASSETCATALOG_COMPILER_GLOBAL_ACCENT_COLOR_NAME = AccentColor;
				CODE_SIGN_STYLE = Automatic;
				CURRENT_PROJECT_VERSION = 1;
				DEVELOPMENT_TEAM = BY95F8878M;
				GENERATE_INFOPLIST_FILE = YES;
				INFOPLIST_FILE = splitsmart/Info.plist;
				INFOPLIST_KEY_CFBundleDisplayName = SplitSmart;
				INFOPLIST_KEY_UIApplicationSupportsIndirectInputEvents = YES;
				INFOPLIST_KEY_UILaunchStoryboardName = LaunchScreen;
				INFOPLIST_KEY_UIMainStoryboardFile = Main;
				INFOPLIST_KEY_UISupportedInterfaceOrientations_iPad = "UIInterfaceOrientationPortrait UIInterfaceOrientationPortraitUpsideDown UIInterfaceOrientationLandscapeLeft UIInterfaceOrientationLandscapeRight";
				INFOPLIST_KEY_UISupportedInterfaceOrientations_iPhone = "UIInterfaceOrientationPortrait UIInterfaceOrientationLandscapeLeft UIInterfaceOrientationLandscapeRight";
				IPHONEOS_DEPLOYMENT_TARGET = 17.6;
				LD_RUNPATH_SEARCH_PATHS = (
					"$(inherited)",
					"@executable_path/Frameworks",
				);
				MARKETING_VERSION = 1.0;
				PRODUCT_BUNDLE_IDENTIFIER = edu.uw.ischool.christina.splitsmart;
				PRODUCT_NAME = "$(TARGET_NAME)";
				SWIFT_EMIT_LOC_STRINGS = YES;
				SWIFT_VERSION = 5.0;
				TARGETED_DEVICE_FAMILY = "1,2";
			};
			name = Release;
		};
		23F7D9AE2F596B3F00EA4C99 /* Debug */ = {
			isa = XCBuildConfiguration;
			buildSettings = {
				ALWAYS_SEARCH_USER_PATHS = NO;
				ASSETCATALOG_COMPILER_GENERATE_SWIFT_ASSET_SYMBOL_EXTENSIONS = YES;
				CLANG_ANALYZER_NONNULL = YES;
				CLANG_ANALYZER_NUMBER_OBJECT_CONVERSION = YES_AGGRESSIVE;
				CLANG_CXX_LANGUAGE_STANDARD = "gnu++20";
				CLANG_ENABLE_MODULES = YES;
				CLANG_ENABLE_OBJC_ARC = YES;
				CLANG_ENABLE_OBJC_WEAK = YES;
				CLANG_WARN_BLOCK_CAPTURE_AUTORELEASING = YES;
				CLANG_WARN_BOOL_CONVERSION = YES;
				CLANG_WARN_COMMA = YES;
				CLANG_WARN_CONSTANT_CONVERSION = YES;
				CLANG_WARN_DEPRECATED_OBJC_IMPLEMENTATIONS = YES;
				CLANG_WARN_DIRECT_OBJC_ISA_USAGE = YES_ERROR;
				CLANG_WARN_DOCUMENTATION_COMMENTS = YES;
				CLANG_WARN_EMPTY_BODY = YES;
				CLANG_WARN_ENUM_CONVERSION = YES;
				CLANG_WARN_INFINITE_RECURSION = YES;
				CLANG_WARN_INT_CONVERSION = YES;
				CLANG_WARN_NON_LITERAL_NULL_CONVERSION = YES;
				CLANG_WARN_OBJC_IMPLICIT_RETAIN_SELF = YES;
				CLANG_WARN_OBJC_LITERAL_CONVERSION = YES;
				CLANG_WARN_OBJC_ROOT_CLASS = YES_ERROR;
				CLANG_WARN_QUOTED_INCLUDE_IN_FRAMEWORK_HEADER = YES;
				CLANG_WARN_RANGE_LOOP_ANALYSIS = YES;
				CLANG_WARN_STRICT_PROTOTYPES = YES;
				CLANG_WARN_SUSPICIOUS_MOVE = YES;
				CLANG_WARN_UNGUARDED_AVAILABILITY = YES_AGGRESSIVE;
				CLANG_WARN_UNREACHABLE_CODE = YES;
				CLANG_WARN__DUPLICATE_METHOD_MATCH = YES;
				COPY_PHASE_STRIP = NO;
				DEBUG_INFORMATION_FORMAT = dwarf;
				DEVELOPMENT_TEAM = 43TDZLVXZ4;
				ENABLE_STRICT_OBJC_MSGSEND = YES;
				ENABLE_TESTABILITY = YES;
				ENABLE_USER_SCRIPT_SANDBOXING = YES;
				GCC_C_LANGUAGE_STANDARD = gnu17;
				GCC_DYNAMIC_NO_PIC = NO;
				GCC_NO_COMMON_BLOCKS = YES;
				GCC_OPTIMIZATION_LEVEL = 0;
				GCC_PREPROCESSOR_DEFINITIONS = (
					"DEBUG=1",
					"$(inherited)",
				);
				GCC_WARN_64_TO_32_BIT_CONVERSION = YES;
				GCC_WARN_ABOUT_RETURN_TYPE = YES_ERROR;
				GCC_WARN_UNDECLARED_SELECTOR = YES;
				GCC_WARN_UNINITIALIZED_AUTOS = YES_AGGRESSIVE;
				GCC_WARN_UNUSED_FUNCTION = YES;
				GCC_WARN_UNUSED_VARIABLE = YES;
				IPHONEOS_DEPLOYMENT_TARGET = 18.4;
				LOCALIZATION_PREFERS_STRING_CATALOGS = YES;
				MTL_ENABLE_DEBUG_INFO = INCLUDE_SOURCE;
				MTL_FAST_MATH = YES;
				ONLY_ACTIVE_ARCH = YES;
				SDKROOT = iphoneos;
				SWIFT_ACTIVE_COMPILATION_CONDITIONS = "DEBUG $(inherited)";
				SWIFT_OPTIMIZATION_LEVEL = "-Onone";
			};
			name = Debug;
		};
		23F7D9AF2F596B3F00EA4C99 /* Release */ = {
			isa = XCBuildConfiguration;
			buildSettings = {
				ALWAYS_SEARCH_USER_PATHS = NO;
				ASSETCATALOG_COMPILER_GENERATE_SWIFT_ASSET_SYMBOL_EXTENSIONS = YES;
				CLANG_ANALYZER_NONNULL = YES;
				CLANG_ANALYZER_NUMBER_OBJECT_CONVERSION = YES_AGGRESSIVE;
				CLANG_CXX_LANGUAGE_STANDARD = "gnu++20";
				CLANG_ENABLE_MODULES = YES;
				CLANG_ENABLE_OBJC_ARC = YES;
				CLANG_ENABLE_OBJC_WEAK = YES;
				CLANG_WARN_BLOCK_CAPTURE_AUTORELEASING = YES;
				CLANG_WARN_BOOL_CONVERSION = YES;
				CLANG_WARN_COMMA = YES;
				CLANG_WARN_CONSTANT_CONVERSION = YES;
				CLANG_WARN_DEPRECATED_OBJC_IMPLEMENTATIONS = YES;
				CLANG_WARN_DIRECT_OBJC_ISA_USAGE = YES_ERROR;
				CLANG_WARN_DOCUMENTATION_COMMENTS = YES;
				CLANG_WARN_EMPTY_BODY = YES;
				CLANG_WARN_ENUM_CONVERSION = YES;
				CLANG_WARN_INFINITE_RECURSION = YES;
				CLANG_WARN_INT_CONVERSION = YES;
				CLANG_WARN_NON_LITERAL_NULL_CONVERSION = YES;
				CLANG_WARN_OBJC_IMPLICIT_RETAIN_SELF = YES;
				CLANG_WARN_OBJC_LITERAL_CONVERSION = YES;
				CLANG_WARN_OBJC_ROOT_CLASS = YES_ERROR;
				CLANG_WARN_QUOTED_INCLUDE_IN_FRAMEWORK_HEADER = YES;
				CLANG_WARN_RANGE_LOOP_ANALYSIS = YES;
				CLANG_WARN_STRICT_PROTOTYPES = YES;
				CLANG_WARN_SUSPICIOUS_MOVE = YES;
				CLANG_WARN_UNGUARDED_AVAILABILITY = YES_AGGRESSIVE;
				CLANG_WARN_UNREACHABLE_CODE = YES;
				CLANG_WARN__DUPLICATE_METHOD_MATCH = YES;
				COPY_PHASE_STRIP = NO;
				DEBUG_INFORMATION_FORMAT = "dwarf-with-dsym";
				DEVELOPMENT_TEAM = 43TDZLVXZ4;
				ENABLE_NS_ASSERTIONS = NO;
				ENABLE_STRICT_OBJC_MSGSEND = YES;
				ENABLE_USER_SCRIPT_SANDBOXING = YES;
				GCC_C_LANGUAGE_STANDARD = gnu17;
				GCC_NO_COMMON_BLOCKS = YES;
				GCC_WARN_64_TO_32_BIT_CONVERSION = YES;
				GCC_WARN_ABOUT_RETURN_TYPE = YES_ERROR;
				GCC_WARN_UNDECLARED_SELECTOR = YES;
				GCC_WARN_UNINITIALIZED_AUTOS = YES_AGGRESSIVE;
				GCC_WARN_UNUSED_FUNCTION = YES;
				GCC_WARN_UNUSED_VARIABLE = YES;
				IPHONEOS_DEPLOYMENT_TARGET = 18.4;
				LOCALIZATION_PREFERS_STRING_CATALOGS = YES;
				MTL_ENABLE_DEBUG_INFO = NO;
				MTL_FAST_MATH = YES;
				SDKROOT = iphoneos;
				SWIFT_COMPILATION_MODE = wholemodule;
				VALIDATE_PRODUCT = YES;
			};
			name = Release;
		};
		23F7D9B12F596B3F00EA4C99 /* Debug */ = {
			isa = XCBuildConfiguration;
			buildSettings = {
				BUNDLE_LOADER = "$(TEST_HOST)";
				CODE_SIGN_STYLE = Automatic;
				CURRENT_PROJECT_VERSION = 1;
				DEVELOPMENT_TEAM = 43TDZLVXZ4;
				GENERATE_INFOPLIST_FILE = YES;
				IPHONEOS_DEPLOYMENT_TARGET = 18.4;
				MARKETING_VERSION = 1.0;
				PRODUCT_BUNDLE_IDENTIFIER = edu.uw.ischool.pbalu.splitsmartTests;
				PRODUCT_NAME = "$(TARGET_NAME)";
				SWIFT_EMIT_LOC_STRINGS = NO;
				SWIFT_VERSION = 5.0;
				TARGETED_DEVICE_FAMILY = "1,2";
				TEST_HOST = "$(BUILT_PRODUCTS_DIR)/splitsmart.app/$(BUNDLE_EXECUTABLE_FOLDER_PATH)/splitsmart";
			};
			name = Debug;
		};
		23F7D9B22F596B3F00EA4C99 /* Release */ = {
			isa = XCBuildConfiguration;
			buildSettings = {
				BUNDLE_LOADER = "$(TEST_HOST)";
				CODE_SIGN_STYLE = Automatic;
				CURRENT_PROJECT_VERSION = 1;
				DEVELOPMENT_TEAM = 43TDZLVXZ4;
				GENERATE_INFOPLIST_FILE = YES;
				IPHONEOS_DEPLOYMENT_TARGET = 18.4;
				MARKETING_VERSION = 1.0;
				PRODUCT_BUNDLE_IDENTIFIER = edu.uw.ischool.pbalu.splitsmartTests;
				PRODUCT_NAME = "$(TARGET_NAME)";
				SWIFT_EMIT_LOC_STRINGS = NO;
				SWIFT_VERSION = 5.0;
				TARGETED_DEVICE_FAMILY = "1,2";
				TEST_HOST = "$(BUILT_PRODUCTS_DIR)/splitsmart.app/$(BUNDLE_EXECUTABLE_FOLDER_PATH)/splitsmart";
			};
			name = Release;
		};
		23F7D9B42F596B3F00EA4C99 /* Debug */ = {
			isa = XCBuildConfiguration;
			buildSettings = {
				CODE_SIGN_STYLE = Automatic;
				CURRENT_PROJECT_VERSION = 1;
				DEVELOPMENT_TEAM = 43TDZLVXZ4;
				GENERATE_INFOPLIST_FILE = YES;
				MARKETING_VERSION = 1.0;
				PRODUCT_BUNDLE_IDENTIFIER = edu.uw.ischool.pbalu.splitsmartUITests;
				PRODUCT_NAME = "$(TARGET_NAME)";
				SWIFT_EMIT_LOC_STRINGS = NO;
				SWIFT_VERSION = 5.0;
				TARGETED_DEVICE_FAMILY = "1,2";
				TEST_TARGET_NAME = splitsmart;
			};
			name = Debug;
		};
		23F7D9B52F596B3F00EA4C99 /* Release */ = {
			isa = XCBuildConfiguration;
			buildSettings = {
				CODE_SIGN_STYLE = Automatic;
				CURRENT_PROJECT_VERSION = 1;
				DEVELOPMENT_TEAM = 43TDZLVXZ4;
				GENERATE_INFOPLIST_FILE = YES;
				MARKETING_VERSION = 1.0;
				PRODUCT_BUNDLE_IDENTIFIER = edu.uw.ischool.pbalu.splitsmartUITests;
				PRODUCT_NAME = "$(TARGET_NAME)";
				SWIFT_EMIT_LOC_STRINGS = NO;
				SWIFT_VERSION = 5.0;
				TARGETED_DEVICE_FAMILY = "1,2";
				TEST_TARGET_NAME = splitsmart;
			};
			name = Release;
		};
/* End XCBuildConfiguration section */

/* Begin XCConfigurationList section */
		23F7D97D2F596B3D00EA4C99 /* Build configuration list for PBXProject "splitsmart" */ = {
			isa = XCConfigurationList;
			buildConfigurations = (
				23F7D9AE2F596B3F00EA4C99 /* Debug */,
				23F7D9AF2F596B3F00EA4C99 /* Release */,
			);
			defaultConfigurationIsVisible = 0;
			defaultConfigurationName = Release;
		};
		23F7D9AB2F596B3F00EA4C99 /* Build configuration list for PBXNativeTarget "splitsmart" */ = {
			isa = XCConfigurationList;
			buildConfigurations = (
				23F7D9AC2F596B3F00EA4C99 /* Debug */,
				23F7D9AD2F596B3F00EA4C99 /* Release */,
			);
			defaultConfigurationIsVisible = 0;
			defaultConfigurationName = Release;
		};
		23F7D9B02F596B3F00EA4C99 /* Build configuration list for PBXNativeTarget "splitsmartTests" */ = {
			isa = XCConfigurationList;
			buildConfigurations = (
				23F7D9B12F596B3F00EA4C99 /* Debug */,
				23F7D9B22F596B3F00EA4C99 /* Release */,
			);
			defaultConfigurationIsVisible = 0;
			defaultConfigurationName = Release;
		};
		23F7D9B32F596B3F00EA4C99 /* Build configuration list for PBXNativeTarget "splitsmartUITests" */ = {
			isa = XCConfigurationList;
			buildConfigurations = (
				23F7D9B42F596B3F00EA4C99 /* Debug */,
				23F7D9B52F596B3F00EA4C99 /* Release */,
			);
			defaultConfigurationIsVisible = 0;
			defaultConfigurationName = Release;
		};
/* End XCConfigurationList section */

/* Begin XCRemoteSwiftPackageReference section */
		23F7D9B82F596E7200EA4C99 /* XCRemoteSwiftPackageReference "firebase-ios-sdk" */ = {
			isa = XCRemoteSwiftPackageReference;
			repositoryURL = "https://github.com/firebase/firebase-ios-sdk";
			requirement = {
				kind = upToNextMajorVersion;
				minimumVersion = 12.10.0;
			};
		};
/* End XCRemoteSwiftPackageReference section */

/* Begin XCSwiftPackageProductDependency section */
		23F7D9B92F596EFD00EA4C99 /* FirebaseAuth */ = {
			isa = XCSwiftPackageProductDependency;
			package = 23F7D9B82F596E7200EA4C99 /* XCRemoteSwiftPackageReference "firebase-ios-sdk" */;
			productName = FirebaseAuth;
		};
		23F7D9BB2F596EFD00EA4C99 /* FirebaseFirestore */ = {
			isa = XCSwiftPackageProductDependency;
			package = 23F7D9B82F596E7200EA4C99 /* XCRemoteSwiftPackageReference "firebase-ios-sdk" */;
			productName = FirebaseFirestore;
		};
/* End XCSwiftPackageProductDependency section */
	};
	rootObject = 23F7D97A2F596B3D00EA4C99 /* Project object */;
}
